
Microsoft Visual Studio Solution File, Format Version 12.00
# Visual Studio Version 16
VisualStudioVersion = 16.0.30114.105
MinimumVisualStudioVersion = 10.0.40219.1
Project("{2150E333-8FDC-42A3-9474-1A3956D46DE8}") = "Domain", "Domain", "{4DA35CE6-3326-47F7-AA29-5494D346147D}"
EndProject
Project("{2150E333-8FDC-42A3-9474-1A3956D46DE8}") = "Infra.Bus", "Infra.Bus", "{17D502F6-5A27-42CF-96F7-0DFAAE5C34BD}"
EndProject
Project("{2150E333-8FDC-42A3-9474-1A3956D46DE8}") = "Infra.IoC", "Infra.IoC", "{21F879B1-4504-428C-A504-C4462374D6BB}"
EndProject
Project("{2150E333-8FDC-42A3-9474-1A3956D46DE8}") = "Microservices", "Microservices", "{90A020FB-0B26-4D06-BA93-16E685B71478}"
EndProject
Project("{2150E333-8FDC-42A3-9474-1A3956D46DE8}") = "Presentation", "Presentation", "{CBB8C722-6431-42C3-96A9-E9A04DE4C7EE}"
EndProject
Project("{FAE04EC0-301F-11D3-BF4B-00C04F79EFBC}") = "MicroRabbit.Domain.Core", "MicroRabbit.Domain.Core\MicroRabbit.Domain.Core.csproj", "{157117BB-A4B9-4CF6-ABE9-BAED1A4E9919}"
EndProject
Project("{FAE04EC0-301F-11D3-BF4B-00C04F79EFBC}") = "MicroRabbit.Infra.Bus", "MicroRabbit.Infra.Bus\MicroRabbit.Infra.Bus.csproj", "{E26BFBF5-8AF2-498C-ACB7-669F207EFC13}"
EndProject
Project("{FAE04EC0-301F-11D3-BF4B-00C04F79EFBC}") = "MicroRabbit.Infra.IoC", "MicroRabbit.Infra.IoC\MicroRabbit.Infra.IoC.csproj", "{5B4E550A-4738-43A8-B204-32C7206CEA20}"
EndProject
Project("{2150E333-8FDC-42A3-9474-1A3956D46DE8}") = "Banking", "Banking", "{EDD8FA22-4B43-4717-9735-87C66FB15F80}"
EndProject
Project("{2150E333-8FDC-42A3-9474-1A3956D46DE8}") = "1- Api", "1- Api", "{A93191BD-7CA4-4934-8965-743540DA271E}"
EndProject
Project("{2150E333-8FDC-42A3-9474-1A3956D46DE8}") = "2 - Application", "2 - Application", "{E85B8415-3CEA-4161-BFF6-1E0D85EF1D87}"
EndProject
Project("{2150E333-8FDC-42A3-9474-1A3956D46DE8}") = "3 - Domain", "3 - Domain", "{B64D0C3A-A914-4038-8248-21A4331CDA44}"
EndProject
Project("{2150E333-8FDC-42A3-9474-1A3956D46DE8}") = "4 - Data", "4 - Data", "{3E990D5E-C09D-44BF-9F85-92FBF23773BC}"
EndProject
Project("{FAE04EC0-301F-11D3-BF4B-00C04F79EFBC}") = "MicroRabbit.Banking.Api", "MicroRabbit.Banking.Api\MicroRabbit.Banking.Api.csproj", "{3CC791B6-3673-40E3-B4CF-69B484123920}"
EndProject
Project("{FAE04EC0-301F-11D3-BF4B-00C04F79EFBC}") = "MicroRabbit.Banking.Application", "MicroRabbit.Banking.Application\MicroRabbit.Banking.Application.csproj", "{5F48DAF7-2FFD-4A0C-8DD8-3D1FE4043B0D}"
EndProject
Project("{FAE04EC0-301F-11D3-BF4B-00C04F79EFBC}") = "MicroRabbit.Banking.Data", "MicroRabbit.Banking.Data\MicroRabbit.Banking.Data.csproj", "{EDF7C812-580B-4176-8813-F64772D38D09}"
EndProject
Project("{FAE04EC0-301F-11D3-BF4B-00C04F79EFBC}") = "MicroRabbit.Banking.Domain", "MicroRabbit.Banking.Domain\MicroRabbit.Banking.Domain.csproj", "{DA09B244-3903-42B8-83B2-1DCDB8ED02AB}"
EndProject
Project("{2150E333-8FDC-42A3-9474-1A3956D46DE8}") = "Transfer", "Transfer", "{D9AFDA73-B308-4E54-8E66-A58240E30526}"
EndProject
Project("{2150E333-8FDC-42A3-9474-1A3956D46DE8}") = "1- Api", "1- Api", "{574F2EDF-8DDE-44D1-A439-C3A749933712}"
EndProject
Project("{2150E333-8FDC-42A3-9474-1A3956D46DE8}") = "2- Application", "2- Application", "{296F599A-F043-40A1-8D9D-FB142A27E6DC}"
EndProject
Project("{2150E333-8FDC-42A3-9474-1A3956D46DE8}") = "3- Domain", "3- Domain", "{3827705D-D20B-43C5-89B6-8C59A5D4C01B}"
EndProject
Project("{2150E333-8FDC-42A3-9474-1A3956D46DE8}") = "4- Data", "4- Data", "{5E4BE130-5D54-4923-9C2A-7B5D631ACEB6}"
EndProject
Project("{FAE04EC0-301F-11D3-BF4B-00C04F79EFBC}") = "MicroRabbit.Transfer.Api", "MicroRabbit.Transfer.Api\MicroRabbit.Transfer.Api.csproj", "{F1FCBBA4-2AD2-4A2D-A5CA-069BB407BC3D}"
EndProject
Project("{FAE04EC0-301F-11D3-BF4B-00C04F79EFBC}") = "MicroRabbit.Transfer.Application", "MicroRabbit.Transfer.Application\MicroRabbit.Transfer.Application.csproj", "{E6B0892E-E953-41A4-BFEC-A11F37B72EA3}"
EndProject
Project("{FAE04EC0-301F-11D3-BF4B-00C04F79EFBC}") = "MicroRabbit.Transfer.Domain", "MicroRabbit.Transfer.Domain\MicroRabbit.Transfer.Domain.csproj", "{03FC8F73-5AA6-4FA2-A860-B552FF5F97B7}"
EndProject
Project("{FAE04EC0-301F-11D3-BF4B-00C04F79EFBC}") = "MicroRabbit.Transfer.Data", "MicroRabbit.Transfer.Data\MicroRabbit.Transfer.Data.csproj", "{9774874E-6335-4F58-B6B2-5A9F05350EE6}"
EndProject
Global
	GlobalSection(SolutionConfigurationPlatforms) = preSolution
		Debug|Any CPU = Debug|Any CPU
		Release|Any CPU = Release|Any CPU
	EndGlobalSection
	GlobalSection(ProjectConfigurationPlatforms) = postSolution
		{157117BB-A4B9-4CF6-ABE9-BAED1A4E9919}.Debug|Any CPU.ActiveCfg = Debug|Any CPU
		{157117BB-A4B9-4CF6-ABE9-BAED1A4E9919}.Debug|Any CPU.Build.0 = Debug|Any CPU
		{157117BB-A4B9-4CF6-ABE9-BAED1A4E9919}.Release|Any CPU.ActiveCfg = Release|Any CPU
		{157117BB-A4B9-4CF6-ABE9-BAED1A4E9919}.Release|Any CPU.Build.0 = Release|Any CPU
		{E26BFBF5-8AF2-498C-ACB7-669F207EFC13}.Debug|Any CPU.ActiveCfg = Debug|Any CPU
		{E26BFBF5-8AF2-498C-ACB7-669F207EFC13}.Debug|Any CPU.Build.0 = Debug|Any CPU
		{E26BFBF5-8AF2-498C-ACB7-669F207EFC13}.Release|Any CPU.ActiveCfg = Release|Any CPU
		{E26BFBF5-8AF2-498C-ACB7-669F207EFC13}.Release|Any CPU.Build.0 = Release|Any CPU
		{5B4E550A-4738-43A8-B204-32C7206CEA20}.Debug|Any CPU.ActiveCfg = Debug|Any CPU
		{5B4E550A-4738-43A8-B204-32C7206CEA20}.Debug|Any CPU.Build.0 = Debug|Any CPU
		{5B4E550A-4738-43A8-B204-32C7206CEA20}.Release|Any CPU.ActiveCfg = Release|Any CPU
		{5B4E550A-4738-43A8-B204-32C7206CEA20}.Release|Any CPU.Build.0 = Release|Any CPU
		{3CC791B6-3673-40E3-B4CF-69B484123920}.Debug|Any CPU.ActiveCfg = Debug|Any CPU
		{3CC791B6-3673-40E3-B4CF-69B484123920}.Debug|Any CPU.Build.0 = Debug|Any CPU
		{3CC791B6-3673-40E3-B4CF-69B484123920}.Release|Any CPU.ActiveCfg = Release|Any CPU
		{3CC791B6-3673-40E3-B4CF-69B484123920}.Release|Any CPU.Build.0 = Release|Any CPU
		{5F48DAF7-2FFD-4A0C-8DD8-3D1FE4043B0D}.Debug|Any CPU.ActiveCfg = Debug|Any CPU
		{5F48DAF7-2FFD-4A0C-8DD8-3D1FE4043B0D}.Debug|Any CPU.Build.0 = Debug|Any CPU
		{5F48DAF7-2FFD-4A0C-8DD8-3D1FE4043B0D}.Release|Any CPU.ActiveCfg = Release|Any CPU
		{5F48DAF7-2FFD-4A0C-8DD8-3D1FE4043B0D}.Release|Any CPU.Build.0 = Release|Any CPU
		{EDF7C812-580B-4176-8813-F64772D38D09}.Debug|Any CPU.ActiveCfg = Debug|Any CPU
		{EDF7C812-580B-4176-8813-F64772D38D09}.Debug|Any CPU.Build.0 = Debug|Any CPU
		{EDF7C812-580B-4176-8813-F64772D38D09}.Release|Any CPU.ActiveCfg = Release|Any CPU
		{EDF7C812-580B-4176-8813-F64772D38D09}.Release|Any CPU.Build.0 = Release|Any CPU
		{DA09B244-3903-42B8-83B2-1DCDB8ED02AB}.Debug|Any CPU.ActiveCfg = Debug|Any CPU
		{DA09B244-3903-42B8-83B2-1DCDB8ED02AB}.Debug|Any CPU.Build.0 = Debug|Any CPU
		{DA09B244-3903-42B8-83B2-1DCDB8ED02AB}.Release|Any CPU.ActiveCfg = Release|Any CPU
		{DA09B244-3903-42B8-83B2-1DCDB8ED02AB}.Release|Any CPU.Build.0 = Release|Any CPU
		{F1FCBBA4-2AD2-4A2D-A5CA-069BB407BC3D}.Debug|Any CPU.ActiveCfg = Debug|Any CPU
		{F1FCBBA4-2AD2-4A2D-A5CA-069BB407BC3D}.Debug|Any CPU.Build.0 = Debug|Any CPU
		{F1FCBBA4-2AD2-4A2D-A5CA-069BB407BC3D}.Release|Any CPU.ActiveCfg = Release|Any CPU
		{F1FCBBA4-2AD2-4A2D-A5CA-069BB407BC3D}.Release|Any CPU.Build.0 = Release|Any CPU
		{E6B0892E-E953-41A4-BFEC-A11F37B72EA3}.Debug|Any CPU.ActiveCfg = Debug|Any CPU
		{E6B0892E-E953-41A4-BFEC-A11F37B72EA3}.Debug|Any CPU.Build.0 = Debug|Any CPU
		{E6B0892E-E953-41A4-BFEC-A11F37B72EA3}.Release|Any CPU.ActiveCfg = Release|Any CPU
		{E6B0892E-E953-41A4-BFEC-A11F37B72EA3}.Release|Any CPU.Build.0 = Release|Any CPU
		{03FC8F73-5AA6-4FA2-A860-B552FF5F97B7}.Debug|Any CPU.ActiveCfg = Debug|Any CPU
		{03FC8F73-5AA6-4FA2-A860-B552FF5F97B7}.Debug|Any CPU.Build.0 = Debug|Any CPU
		{03FC8F73-5AA6-4FA2-A860-B552FF5F97B7}.Release|Any CPU.ActiveCfg = Release|Any CPU
		{03FC8F73-5AA6-4FA2-A860-B552FF5F97B7}.Release|Any CPU.Build.0 = Release|Any CPU
		{9774874E-6335-4F58-B6B2-5A9F05350EE6}.Debug|Any CPU.ActiveCfg = Debug|Any CPU
		{9774874E-6335-4F58-B6B2-5A9F05350EE6}.Debug|Any CPU.Build.0 = Debug|Any CPU
		{9774874E-6335-4F58-B6B2-5A9F05350EE6}.Release|Any CPU.ActiveCfg = Release|Any CPU
		{9774874E-6335-4F58-B6B2-5A9F05350EE6}.Release|Any CPU.Build.0 = Release|Any CPU
	EndGlobalSection
	GlobalSection(SolutionProperties) = preSolution
		HideSolutionNode = FALSE
	EndGlobalSection
	GlobalSection(NestedProjects) = preSolution
		{157117BB-A4B9-4CF6-ABE9-BAED1A4E9919} = {4DA35CE6-3326-47F7-AA29-5494D346147D}
		{E26BFBF5-8AF2-498C-ACB7-669F207EFC13} = {17D502F6-5A27-42CF-96F7-0DFAAE5C34BD}
		{5B4E550A-4738-43A8-B204-32C7206CEA20} = {21F879B1-4504-428C-A504-C4462374D6BB}
		{EDD8FA22-4B43-4717-9735-87C66FB15F80} = {90A020FB-0B26-4D06-BA93-16E685B71478}
		{A93191BD-7CA4-4934-8965-743540DA271E} = {EDD8FA22-4B43-4717-9735-87C66FB15F80}
		{E85B8415-3CEA-4161-BFF6-1E0D85EF1D87} = {EDD8FA22-4B43-4717-9735-87C66FB15F80}
		{B64D0C3A-A914-4038-8248-21A4331CDA44} = {EDD8FA22-4B43-4717-9735-87C66FB15F80}
		{3E990D5E-C09D-44BF-9F85-92FBF23773BC} = {EDD8FA22-4B43-4717-9735-87C66FB15F80}
		{3CC791B6-3673-40E3-B4CF-69B484123920} = {A93191BD-7CA4-4934-8965-743540DA271E}
		{5F48DAF7-2FFD-4A0C-8DD8-3D1FE4043B0D} = {E85B8415-3CEA-4161-BFF6-1E0D85EF1D87}
		{EDF7C812-580B-4176-8813-F64772D38D09} = {3E990D5E-C09D-44BF-9F85-92FBF23773BC}
		{DA09B244-3903-42B8-83B2-1DCDB8ED02AB} = {B64D0C3A-A914-4038-8248-21A4331CDA44}
		{D9AFDA73-B308-4E54-8E66-A58240E30526} = {90A020FB-0B26-4D06-BA93-16E685B71478}
		{574F2EDF-8DDE-44D1-A439-C3A749933712} = {D9AFDA73-B308-4E54-8E66-A58240E30526}
		{296F599A-F043-40A1-8D9D-FB142A27E6DC} = {D9AFDA73-B308-4E54-8E66-A58240E30526}
		{3827705D-D20B-43C5-89B6-8C59A5D4C01B} = {D9AFDA73-B308-4E54-8E66-A58240E30526}
		{5E4BE130-5D54-4923-9C2A-7B5D631ACEB6} = {D9AFDA73-B308-4E54-8E66-A58240E30526}
		{F1FCBBA4-2AD2-4A2D-A5CA-069BB407BC3D} = {574F2EDF-8DDE-44D1-A439-C3A749933712}
		{E6B0892E-E953-41A4-BFEC-A11F37B72EA3} = {296F599A-F043-40A1-8D9D-FB142A27E6DC}
		{03FC8F73-5AA6-4FA2-A860-B552FF5F97B7} = {3827705D-D20B-43C5-89B6-8C59A5D4C01B}
		{9774874E-6335-4F58-B6B2-5A9F05350EE6} = {5E4BE130-5D54-4923-9C2A-7B5D631ACEB6}
	EndGlobalSection
	GlobalSection(ExtensibilityGlobals) = postSolution
		SolutionGuid = {695ECE23-3283-4872-B917-4BDAE4E3707A}
	EndGlobalSection
EndGlobal
